
Microsoft Visual Studio Solution File, Format Version 12.00
# Visual Studio Version 17
VisualStudioVersion = 17.0.32014.148
MinimumVisualStudioVersion = 10.0.40219.1
Project("{FAE04EC0-301F-11D3-BF4B-00C04F79EFBC}") = "TurnBasedRPG", "TurnBasedRPG\TurnBasedRPG.csproj", "{245799A7-0D9C-4A52-8E93-280EB54723B8}"
EndProject
Global
	GlobalSection(SolutionConfigurationPlatforms) = preSolution
		Debug|Any CPU = Debug|Any CPU
		Release|Any CPU = Release|Any CPU
	EndGlobalSection
	GlobalSection(ProjectConfigurationPlatforms) = postSolution
		{245799A7-0D9C-4A52-8E93-280EB54723B8}.Debug|Any CPU.ActiveCfg = Debug|Any CPU
		{245799A7-0D9C-4A52-8E93-280EB54723B8}.Debug|Any CPU.Build.0 = Debug|Any CPU
		{245799A7-0D9C-4A52-8E93-280EB54723B8}.Release|Any CPU.ActiveCfg = Release|Any CPU
		{245799A7-0D9C-4A52-8E93-280EB54723B8}.Release|Any CPU.Build.0 = Release|Any CPU
	EndGlobalSection
	GlobalSection(SolutionProperties) = preSolution
		HideSolutionNode = FALSE
	EndGlobalSection
	GlobalSection(ExtensibilityGlobals) = postSolution
		SolutionGuid = {A4A41937-8977-4C0C-ABC0-B9C60F03DE2A}
	EndGlobalSection
EndGlobal
